
Microsoft Visual Studio Solution File, Format Version 12.00
# Visual Studio Version 17
VisualStudioVersion = 17.5.33627.172
MinimumVisualStudioVersion = 10.0.40219.1
Project("{9A19103F-16F7-4668-BE54-9A1E7A4F7556}") = "fellyka", "fellyka.csproj", "{29AEB476-F0F4-4678-9269-188B71F6726A}"
EndProject
Global
	GlobalSection(SolutionConfigurationPlatforms) = preSolution
		Debug|Any CPU = Debug|Any CPU
		Release|Any CPU = Release|Any CPU
	EndGlobalSection
	GlobalSection(ProjectConfigurationPlatforms) = postSolution
		{29AEB476-F0F4-4678-9269-188B71F6726A}.Debug|Any CPU.ActiveCfg = Debug|Any CPU
		{29AEB476-F0F4-4678-9269-188B71F6726A}.Debug|Any CPU.Build.0 = Debug|Any CPU
		{29AEB476-F0F4-4678-9269-188B71F6726A}.Release|Any CPU.ActiveCfg = Release|Any CPU
		{29AEB476-F0F4-4678-9269-188B71F6726A}.Release|Any CPU.Build.0 = Release|Any CPU
	EndGlobalSection
	GlobalSection(SolutionProperties) = preSolution
		HideSolutionNode = FALSE
	EndGlobalSection
	GlobalSection(ExtensibilityGlobals) = postSolution
		SolutionGuid = {96178A09-CB41-46DD-8153-5B26E04D352D}
	EndGlobalSection
EndGlobal
